// !$*UTF8*$!
{
	archiveVersion = 1;
	classes = {
	};
	objectVersion = 46;
	objects = {

/* Begin PBXBuildFile section */
		244DD15D1CE319410096F390 /* AppDelegate.swift in Sources */ = {isa = PBXBuildFile; fileRef = 244DD15C1CE319410096F390 /* AppDelegate.swift */; };
		244DD15F1CE319410096F390 /* ViewController.swift in Sources */ = {isa = PBXBuildFile; fileRef = 244DD15E1CE319410096F390 /* ViewController.swift */; };
		244DD1621CE319410096F390 /* Main.storyboard in Resources */ = {isa = PBXBuildFile; fileRef = 244DD1601CE319410096F390 /* Main.storyboard */; };
		244DD1641CE319410096F390 /* Assets.xcassets in Resources */ = {isa = PBXBuildFile; fileRef = 244DD1631CE319410096F390 /* Assets.xcassets */; };
		244DD1671CE319410096F390 /* LaunchScreen.storyboard in Resources */ = {isa = PBXBuildFile; fileRef = 244DD1651CE319410096F390 /* LaunchScreen.storyboard */; };
		244DD1721CE319410096F390 /* ___Tests.swift in Sources */ = {isa = PBXBuildFile; fileRef = 244DD1711CE319410096F390 /* ___Tests.swift */; };
		244DD17D1CE319410096F390 /* ___UITests.swift in Sources */ = {isa = PBXBuildFile; fileRef = 244DD17C1CE319410096F390 /* ___UITests.swift */; };
		244DD1901CE31B980096F390 /* PthreadsDemo.m in Sources */ = {isa = PBXBuildFile; fileRef = 244DD18F1CE31B980096F390 /* PthreadsDemo.m */; };
/* End PBXBuildFile section */

/* Begin PBXContainerItemProxy section */
		244DD16E1CE319410096F390 /* PBXContainerItemProxy */ = {
			isa = PBXContainerItemProxy;
			containerPortal = 244DD1511CE319410096F390 /* Project object */;
			proxyType = 1;
			remoteGlobalIDString = 244DD1581CE319410096F390;
			remoteInfo = "多线程";
		};
		244DD1791CE319410096F390 /* PBXContainerItemProxy */ = {
			isa = PBXContainerItemProxy;
			containerPortal = 244DD1511CE319410096F390 /* Project object */;
			proxyType = 1;
			remoteGlobalIDString = 244DD1581CE319410096F390;
			remoteInfo = "多线程";
		};
/* End PBXContainerItemProxy section */

/* Begin PBXFileReference section */
		244DD1591CE319410096F390 /* 多线程.app */ = {isa = PBXFileReference; explicitFileType = wrapper.application; includeInIndex = 0; path = "多线程.app"; sourceTree = BUILT_PRODUCTS_DIR; };
		244DD15C1CE319410096F390 /* AppDelegate.swift */ = {isa = PBXFileReference; lastKnownFileType = sourcecode.swift; path = AppDelegate.swift; sourceTree = "<group>"; };
		244DD15E1CE319410096F390 /* ViewController.swift */ = {isa = PBXFileReference; lastKnownFileType = sourcecode.swift; path = ViewController.swift; sourceTree = "<group>"; };
		244DD1611CE319410096F390 /* Base */ = {isa = PBXFileReference; lastKnownFileType = file.storyboard; name = Base; path = Base.lproj/Main.storyboard; sourceTree = "<group>"; };
		244DD1631CE319410096F390 /* Assets.xcassets */ = {isa = PBXFileReference; lastKnownFileType = folder.assetcatalog; path = Assets.xcassets; sourceTree = "<group>"; };
		244DD1661CE319410096F390 /* Base */ = {isa = PBXFileReference; lastKnownFileType = file.storyboard; name = Base; path = Base.lproj/LaunchScreen.storyboard; sourceTree = "<group>"; };
		244DD1681CE319410096F390 /* Info.plist */ = {isa = PBXFileReference; lastKnownFileType = text.plist.xml; path = Info.plist; sourceTree = "<group>"; };
		244DD16D1CE319410096F390 /* 多线程Tests.xctest */ = {isa = PBXFileReference; explicitFileType = wrapper.cfbundle; includeInIndex = 0; path = "多线程Tests.xctest"; sourceTree = BUILT_PRODUCTS_DIR; };
		244DD1711CE319410096F390 /* ___Tests.swift */ = {isa = PBXFileReference; lastKnownFileType = sourcecode.swift; path = "___Tests.swift"; sourceTree = "<group>"; };
		244DD1731CE319410096F390 /* Info.plist */ = {isa = PBXFileReference; lastKnownFileType = text.plist.xml; path = Info.plist; sourceTree = "<group>"; };
		244DD1781CE319410096F390 /* 多线程UITests.xctest */ = {isa = PBXFileReference; explicitFileType = wrapper.cfbundle; includeInIndex = 0; path = "多线程UITests.xctest"; sourceTree = BUILT_PRODUCTS_DIR; };
		244DD17C1CE319410096F390 /* ___UITests.swift */ = {isa = PBXFileReference; lastKnownFileType = sourcecode.swift; path = "___UITests.swift"; sourceTree = "<group>"; };
		244DD17E1CE319410096F390 /* Info.plist */ = {isa = PBXFileReference; lastKnownFileType = text.plist.xml; path = Info.plist; sourceTree = "<group>"; };
		244DD18A1CE31B320096F390 /* 多线程-Bridging-Header.h */ = {isa = PBXFileReference; lastKnownFileType = sourcecode.c.h; path = "多线程-Bridging-Header.h"; sourceTree = "<group>"; };
		244DD18E1CE31B980096F390 /* PthreadsDemo.h */ = {isa = PBXFileReference; fileEncoding = 4; lastKnownFileType = sourcecode.c.h; path = PthreadsDemo.h; sourceTree = "<group>"; };
		244DD18F1CE31B980096F390 /* PthreadsDemo.m */ = {isa = PBXFileReference; fileEncoding = 4; lastKnownFileType = sourcecode.c.objc; path = PthreadsDemo.m; sourceTree = "<group>"; };
/* End PBXFileReference section */

/* Begin PBXFrameworksBuildPhase section */
		244DD1561CE319410096F390 /* Frameworks */ = {
			isa = PBXFrameworksBuildPhase;
			buildActionMask = 2147483647;
			files = (
			);
			runOnlyForDeploymentPostprocessing = 0;
		};
		244DD16A1CE319410096F390 /* Frameworks */ = {
			isa = PBXFrameworksBuildPhase;
			buildActionMask = 2147483647;
			files = (
			);
			runOnlyForDeploymentPostprocessing = 0;
		};
		244DD1751CE319410096F390 /* Frameworks */ = {
			isa = PBXFrameworksBuildPhase;
			buildActionMask = 2147483647;
			files = (
			);
			runOnlyForDeploymentPostprocessing = 0;
		};
/* End PBXFrameworksBuildPhase section */

/* Begin PBXGroup section */
		244DD1501CE319410096F390 = {
			isa = PBXGroup;
			children = (
				244DD15B1CE319410096F390 /* 多线程 */,
				244DD1701CE319410096F390 /* 多线程Tests */,
				244DD17B1CE319410096F390 /* 多线程UITests */,
				244DD15A1CE319410096F390 /* Products */,
			);
			sourceTree = "<group>";
		};
		244DD15A1CE319410096F390 /* Products */ = {
			isa = PBXGroup;
			children = (
				244DD1591CE319410096F390 /* 多线程.app */,
				244DD16D1CE319410096F390 /* 多线程Tests.xctest */,
				244DD1781CE319410096F390 /* 多线程UITests.xctest */,
			);
			name = Products;
			sourceTree = "<group>";
		};
		244DD15B1CE319410096F390 /* 多线程 */ = {
			isa = PBXGroup;
			children = (
				244DD15C1CE319410096F390 /* AppDelegate.swift */,
				244DD15E1CE319410096F390 /* ViewController.swift */,
				244DD18E1CE31B980096F390 /* PthreadsDemo.h */,
				244DD18F1CE31B980096F390 /* PthreadsDemo.m */,
				244DD1601CE319410096F390 /* Main.storyboard */,
				244DD1631CE319410096F390 /* Assets.xcassets */,
				244DD1651CE319410096F390 /* LaunchScreen.storyboard */,
				244DD1681CE319410096F390 /* Info.plist */,
				244DD18A1CE31B320096F390 /* 多线程-Bridging-Header.h */,
			);
			path = "多线程";
			sourceTree = "<group>";
		};
		244DD1701CE319410096F390 /* 多线程Tests */ = {
			isa = PBXGroup;
			children = (
				244DD1711CE319410096F390 /* ___Tests.swift */,
				244DD1731CE319410096F390 /* Info.plist */,
			);
			path = "多线程Tests";
			sourceTree = "<group>";
		};
		244DD17B1CE319410096F390 /* 多线程UITests */ = {
			isa = PBXGroup;
			children = (
				244DD17C1CE319410096F390 /* ___UITests.swift */,
				244DD17E1CE319410096F390 /* Info.plist */,
			);
			path = "多线程UITests";
			sourceTree = "<group>";
		};
/* End PBXGroup section */

/* Begin PBXNativeTarget section */
		244DD1581CE319410096F390 /* 多线程 */ = {
			isa = PBXNativeTarget;
			buildConfigurationList = 244DD1811CE319410096F390 /* Build configuration list for PBXNativeTarget "多线程" */;
			buildPhases = (
				244DD1551CE319410096F390 /* Sources */,
				244DD1561CE319410096F390 /* Frameworks */,
				244DD1571CE319410096F390 /* Resources */,
			);
			buildRules = (
			);
			dependencies = (
			);
			name = "多线程";
			productName = "多线程";
			productReference = 244DD1591CE319410096F390 /* 多线程.app */;
			productType = "com.apple.product-type.application";
		};
		244DD16C1CE319410096F390 /* 多线程Tests */ = {
			isa = PBXNativeTarget;
			buildConfigurationList = 244DD1841CE319410096F390 /* Build configuration list for PBXNativeTarget "多线程Tests" */;
			buildPhases = (
				244DD1691CE319410096F390 /* Sources */,
				244DD16A1CE319410096F390 /* Frameworks */,
				244DD16B1CE319410096F390 /* Resources */,
			);
			buildRules = (
			);
			dependencies = (
				244DD16F1CE319410096F390 /* PBXTargetDependency */,
			);
			name = "多线程Tests";
			productName = "多线程Tests";
			productReference = 244DD16D1CE319410096F390 /* 多线程Tests.xctest */;
			productType = "com.apple.product-type.bundle.unit-test";
		};
		244DD1771CE319410096F390 /* 多线程UITests */ = {
			isa = PBXNativeTarget;
			buildConfigurationList = 244DD1871CE319410096F390 /* Build configuration list for PBXNativeTarget "多线程UITests" */;
			buildPhases = (
				244DD1741CE319410096F390 /* Sources */,
				244DD1751CE319410096F390 /* Frameworks */,
				244DD1761CE319410096F390 /* Resources */,
			);
			buildRules = (
			);
			dependencies = (
				244DD17A1CE319410096F390 /* PBXTargetDependency */,
			);
			name = "多线程UITests";
			productName = "多线程UITests";
			productReference = 244DD1781CE319410096F390 /* 多线程UITests.xctest */;
			productType = "com.apple.product-type.bundle.ui-testing";
		};
/* End PBXNativeTarget section */

/* Begin PBXProject section */
		244DD1511CE319410096F390 /* Project object */ = {
			isa = PBXProject;
			attributes = {
				LastSwiftUpdateCheck = 0730;
				LastUpgradeCheck = 0730;
				ORGANIZATIONNAME = hjc;
				TargetAttributes = {
					244DD1581CE319410096F390 = {
						CreatedOnToolsVersion = 7.3.1;
					};
					244DD16C1CE319410096F390 = {
						CreatedOnToolsVersion = 7.3.1;
						TestTargetID = 244DD1581CE319410096F390;
					};
					244DD1771CE319410096F390 = {
						CreatedOnToolsVersion = 7.3.1;
						TestTargetID = 244DD1581CE319410096F390;
					};
				};
			};
			buildConfigurationList = 244DD1541CE319410096F390 /* Build configuration list for PBXProject "多线程" */;
			compatibilityVersion = "Xcode 3.2";
			developmentRegion = English;
			hasScannedForEncodings = 0;
			knownRegions = (
				en,
				Base,
			);
			mainGroup = 244DD1501CE319410096F390;
			productRefGroup = 244DD15A1CE319410096F390 /* Products */;
			projectDirPath = "";
			projectRoot = "";
			targets = (
				244DD1581CE319410096F390 /* 多线程 */,
				244DD16C1CE319410096F390 /* 多线程Tests */,
				244DD1771CE319410096F390 /* 多线程UITests */,
			);
		};
/* End PBXProject section */

/* Begin PBXResourcesBuildPhase section */
		244DD1571CE319410096F390 /* Resources */ = {
			isa = PBXResourcesBuildPhase;
			buildActionMask = 2147483647;
			files = (
				244DD1671CE319410096F390 /* LaunchScreen.storyboard in Resources */,
				244DD1641CE319410096F390 /* Assets.xcassets in Resources */,
				244DD1621CE319410096F390 /* Main.storyboard in Resources */,
			);
			runOnlyForDeploymentPostprocessing = 0;
		};
		244DD16B1CE319410096F390 /* Resources */ = {
			isa = PBXResourcesBuildPhase;
			buildActionMask = 2147483647;
			files = (
			);
			runOnlyForDeploymentPostprocessing = 0;
		};
		244DD1761CE319410096F390 /* Resources */ = {
			isa = PBXResourcesBuildPhase;
			buildActionMask = 2147483647;
			files = (
			);
			runOnlyForDeploymentPostprocessing = 0;
		};
/* End PBXResourcesBuildPhase section */

/* Begin PBXSourcesBuildPhase section */
		244DD1551CE319410096F390 /* Sources */ = {
			isa = PBXSourcesBuildPhase;
			buildActionMask = 2147483647;
			files = (
				244DD1901CE31B980096F390 /* PthreadsDemo.m in Sources */,
				244DD15F1CE319410096F390 /* ViewController.swift in Sources */,
				244DD15D1CE319410096F390 /* AppDelegate.swift in Sources */,
			);
			runOnlyForDeploymentPostprocessing = 0;
		};
		244DD1691CE319410096F390 /* Sources */ = {
			isa = PBXSourcesBuildPhase;
			buildActionMask = 2147483647;
			files = (
				244DD1721CE319410096F390 /* ___Tests.swift in Sources */,
			);
			runOnlyForDeploymentPostprocessing = 0;
		};
		244DD1741CE319410096F390 /* Sources */ = {
			isa = PBXSourcesBuildPhase;
			buildActionMask = 2147483647;
			files = (
				244DD17D1CE319410096F390 /* ___UITests.swift in Sources */,
			);
			runOnlyForDeploymentPostprocessing = 0;
		};
/* End PBXSourcesBuildPhase section */

/* Begin PBXTargetDependency section */
		244DD16F1CE319410096F390 /* PBXTargetDependency */ = {
			isa = PBXTargetDependency;
			target = 244DD1581CE319410096F390 /* 多线程 */;
			targetProxy = 244DD16E1CE319410096F390 /* PBXContainerItemProxy */;
		};
		244DD17A1CE319410096F390 /* PBXTargetDependency */ = {
			isa = PBXTargetDependency;
			target = 244DD1581CE319410096F390 /* 多线程 */;
			targetProxy = 244DD1791CE319410096F390 /* PBXContainerItemProxy */;
		};
/* End PBXTargetDependency section */

/* Begin PBXVariantGroup section */
		244DD1601CE319410096F390 /* Main.storyboard */ = {
			isa = PBXVariantGroup;
			children = (
				244DD1611CE319410096F390 /* Base */,
			);
			name = Main.storyboard;
			sourceTree = "<group>";
		};
		244DD1651CE319410096F390 /* LaunchScreen.storyboard */ = {
			isa = PBXVariantGroup;
			children = (
				244DD1661CE319410096F390 /* Base */,
			);
			name = LaunchScreen.storyboard;
			sourceTree = "<group>";
		};
/* End PBXVariantGroup section */

/* Begin XCBuildConfiguration section */
		244DD17F1CE319410096F390 /* Debug */ = {
			isa = XCBuildConfiguration;
			buildSettings = {
				ALWAYS_SEARCH_USER_PATHS = NO;
				CLANG_ANALYZER_NONNULL = YES;
				CLANG_CXX_LANGUAGE_STANDARD = "gnu++0x";
				CLANG_CXX_LIBRARY = "libc++";
				CLANG_ENABLE_MODULES = YES;
				CLANG_ENABLE_OBJC_ARC = YES;
				CLANG_WARN_BOOL_CONVERSION = YES;
				CLANG_WARN_CONSTANT_CONVERSION = YES;
				CLANG_WARN_DIRECT_OBJC_ISA_USAGE = YES_ERROR;
				CLANG_WARN_EMPTY_BODY = YES;
				CLANG_WARN_ENUM_CONVERSION = YES;
				CLANG_WARN_INT_CONVERSION = YES;
				CLANG_WARN_OBJC_ROOT_CLASS = YES_ERROR;
				CLANG_WARN_UNREACHABLE_CODE = YES;
				CLANG_WARN__DUPLICATE_METHOD_MATCH = YES;
				"CODE_SIGN_IDENTITY[sdk=iphoneos*]" = "iPhone Developer";
				COPY_PHASE_STRIP = NO;
				DEBUG_INFORMATION_FORMAT = dwarf;
				ENABLE_STRICT_OBJC_MSGSEND = YES;
				ENABLE_TESTABILITY = YES;
				GCC_C_LANGUAGE_STANDARD = gnu99;
				GCC_DYNAMIC_NO_PIC = NO;
				GCC_NO_COMMON_BLOCKS = YES;
				GCC_OPTIMIZATION_LEVEL = 0;
				GCC_PREPROCESSOR_DEFINITIONS = (
					"DEBUG=1",
					"$(inherited)",
				);
				GCC_WARN_64_TO_32_BIT_CONVERSION = YES;
				GCC_WARN_ABOUT_RETURN_TYPE = YES_ERROR;
				GCC_WARN_UNDECLARED_SELECTOR = YES;
				GCC_WARN_UNINITIALIZED_AUTOS = YES_AGGRESSIVE;
				GCC_WARN_UNUSED_FUNCTION = YES;
				GCC_WARN_UNUSED_VARIABLE = YES;
				IPHONEOS_DEPLOYMENT_TARGET = 9.3;
				MTL_ENABLE_DEBUG_INFO = YES;
				ONLY_ACTIVE_ARCH = YES;
				SDKROOT = iphoneos;
				SWIFT_OPTIMIZATION_LEVEL = "-Onone";
			};
			name = Debug;
		};
		244DD1801CE319410096F390 /* Release */ = {
			isa = XCBuildConfiguration;
			buildSettings = {
				ALWAYS_SEARCH_USER_PATHS = NO;
				CLANG_ANALYZER_NONNULL = YES;
				CLANG_CXX_LANGUAGE_STANDARD = "gnu++0x";
				CLANG_CXX_LIBRARY = "libc++";
				CLANG_ENABLE_MODULES = YES;
				CLANG_ENABLE_OBJC_ARC = YES;
				CLANG_WARN_BOOL_CONVERSION = YES;
				CLANG_WARN_CONSTANT_CONVERSION = YES;
				CLANG_WARN_DIRECT_OBJC_ISA_USAGE = YES_ERROR;
				CLANG_WARN_EMPTY_BODY = YES;
				CLANG_WARN_ENUM_CONVERSION = YES;
				CLANG_WARN_INT_CONVERSION = YES;
				CLANG_WARN_OBJC_ROOT_CLASS = YES_ERROR;
				CLANG_WARN_UNREACHABLE_CODE = YES;
				CLANG_WARN__DUPLICATE_METHOD_MATCH = YES;
				"CODE_SIGN_IDENTITY[sdk=iphoneos*]" = "iPhone Developer";
				COPY_PHASE_STRIP = NO;
				DEBUG_INFORMATION_FORMAT = "dwarf-with-dsym";
				ENABLE_NS_ASSERTIONS = NO;
				ENABLE_STRICT_OBJC_MSGSEND = YES;
				GCC_C_LANGUAGE_STANDARD = gnu99;
				GCC_NO_COMMON_BLOCKS = YES;
				GCC_WARN_64_TO_32_BIT_CONVERSION = YES;
				GCC_WARN_ABOUT_RETURN_TYPE = YES_ERROR;
				GCC_WARN_UNDECLARED_SELECTOR = YES;
				GCC_WARN_UNINITIALIZED_AUTOS = YES_AGGRESSIVE;
				GCC_WARN_UNUSED_FUNCTION = YES;
				GCC_WARN_UNUSED_VARIABLE = YES;
				IPHONEOS_DEPLOYMENT_TARGET = 9.3;
				MTL_ENABLE_DEBUG_INFO = NO;
				SDKROOT = iphoneos;
				VALIDATE_PRODUCT = YES;
			};
			name = Release;
		};
		244DD1821CE319410096F390 /* Debug */ = {
			isa = XCBuildConfiguration;
			buildSettings = {
				ASSETCATALOG_COMPILER_APPICON_NAME = AppIcon;
				CLANG_ENABLE_MODULES = YES;
				INFOPLIST_FILE = "多线程/Info.plist";
				LD_RUNPATH_SEARCH_PATHS = "$(inherited) @executable_path/Frameworks";
				PRODUCT_BUNDLE_IDENTIFIER = "com.hejichang.---";
				PRODUCT_NAME = "$(TARGET_NAME)";
				SWIFT_OBJC_BRIDGING_HEADER = "多线程/多线程-Bridging-Header.h";
				SWIFT_OPTIMIZATION_LEVEL = "-Onone";
			};
			name = Debug;
		};
		244DD1831CE319410096F390 /* Release */ = {
			isa = XCBuildConfiguration;
			buildSettings = {
				ASSETCATALOG_COMPILER_APPICON_NAME = AppIcon;
				CLANG_ENABLE_MODULES = YES;
				INFOPLIST_FILE = "多线程/Info.plist";
				LD_RUNPATH_SEARCH_PATHS = "$(inherited) @executable_path/Frameworks";
				PRODUCT_BUNDLE_IDENTIFIER = "com.hejichang.---";
				PRODUCT_NAME = "$(TARGET_NAME)";
				SWIFT_OBJC_BRIDGING_HEADER = "多线程/多线程-Bridging-Header.h";
			};
			name = Release;
		};
		244DD1851CE319410096F390 /* Debug */ = {
			isa = XCBuildConfiguration;
			buildSettings = {
				BUNDLE_LOADER = "$(TEST_HOST)";
				INFOPLIST_FILE = "多线程Tests/Info.plist";
				LD_RUNPATH_SEARCH_PATHS = "$(inherited) @executable_path/Frameworks @loader_path/Frameworks";
				PRODUCT_BUNDLE_IDENTIFIER = "com.hejichang.---Tests";
				PRODUCT_NAME = "$(TARGET_NAME)";
				TEST_HOST = "$(BUILT_PRODUCTS_DIR)/多线程.app/多线程";
			};
			name = Debug;
		};
		244DD1861CE319410096F390 /* Release */ = {
			isa = XCBuildConfiguration;
			buildSettings = {
				BUNDLE_LOADER = "$(TEST_HOST)";
				INFOPLIST_FILE = "多线程Tests/Info.plist";
				LD_RUNPATH_SEARCH_PATHS = "$(inherited) @executable_path/Frameworks @loader_path/Frameworks";
				PRODUCT_BUNDLE_IDENTIFIER = "com.hejichang.---Tests";
				PRODUCT_NAME = "$(TARGET_NAME)";
				TEST_HOST = "$(BUILT_PRODUCTS_DIR)/多线程.app/多线程";
			};
			name = Release;
		};
		244DD1881CE319410096F390 /* Debug */ = {
			isa = XCBuildConfiguration;
			buildSettings = {
				INFOPLIST_FILE = "多线程UITests/Info.plist";
				LD_RUNPATH_SEARCH_PATHS = "$(inherited) @executable_path/Frameworks @loader_path/Frameworks";
				PRODUCT_BUNDLE_IDENTIFIER = "com.hejichang.---UITests";
				PRODUCT_NAME = "$(TARGET_NAME)";
				TEST_TARGET_NAME = "多线程";
			};
			name = Debug;
		};
		244DD1891CE319410096F390 /* Release */ = {
			isa = XCBuildConfiguration;
			buildSettings = {
				INFOPLIST_FILE = "多线程UITests/Info.plist";
				LD_RUNPATH_SEARCH_PATHS = "$(inherited) @executable_path/Frameworks @loader_path/Frameworks";
				PRODUCT_BUNDLE_IDENTIFIER = "com.hejichang.---UITests";
				PRODUCT_NAME = "$(TARGET_NAME)";
				TEST_TARGET_NAME = "多线程";
			};
			name = Release;
		};
/* End XCBuildConfiguration section */

/* Begin XCConfigurationList section */
		244DD1541CE319410096F390 /* Build configuration list for PBXProject "多线程" */ = {
			isa = XCConfigurationList;
			buildConfigurations = (
				244DD17F1CE319410096F390 /* Debug */,
				244DD1801CE319410096F390 /* Release */,
			);
			defaultConfigurationIsVisible = 0;
			defaultConfigurationName = Release;
		};
		244DD1811CE319410096F390 /* Build configuration list for PBXNativeTarget "多线程" */ = {
			isa = XCConfigurationList;
			buildConfigurations = (
				244DD1821CE319410096F390 /* Debug */,
				244DD1831CE319410096F390 /* Release */,
			);
			defaultConfigurationIsVisible = 0;
			defaultConfigurationName = Release;
		};
		244DD1841CE319410096F390 /* Build configuration list for PBXNativeTarget "多线程Tests" */ = {
			isa = XCConfigurationList;
			buildConfigurations = (
				244DD1851CE319410096F390 /* Debug */,
				244DD1861CE319410096F390 /* Release */,
			);
			defaultConfigurationIsVisible = 0;
			defaultConfigurationName = Release;
		};
		244DD1871CE319410096F390 /* Build configuration list for PBXNativeTarget "多线程UITests" */ = {
			isa = XCConfigurationList;
			buildConfigurations = (
				244DD1881CE319410096F390 /* Debug */,
				244DD1891CE319410096F390 /* Release */,
			);
			defaultConfigurationIsVisible = 0;
			defaultConfigurationName = Release;
		};
/* End XCConfigurationList section */
	};
	rootObject = 244DD1511CE319410096F390 /* Project object */;
}
